<?xml version="1.0" encoding="UTF-8"?>
<Scheme
   LastUpgradeVersion = "1540"
   version = "1.7">
   <BuildAction
      parallelizeBuildables = "YES"
      buildImplicitDependencies = "YES"
      buildArchitectures = "Automatic">
      <BuildActionEntries>
         <BuildActionEntry
            buildForTesting = "YES"
            buildForRunning = "YES"
            buildForProfiling = "YES"
            buildForArchiving = "YES"
            buildForAnalyzing = "YES">
            <BuildableReference
               BuildableIdentifier = "primary"
               BlueprintIdentifier = "5B1DEDC32C400CEB009C0933"
               BuildableName = "magicexec"
               BlueprintName = "magicexec"
               ReferencedContainer = "container:magic.xcodeproj">
            </BuildableReference>
         </BuildActionEntry>
      </BuildActionEntries>
   </BuildAction>
   <TestAction
      buildConfiguration = "Debug"
      selectedDebuggerIdentifier = "Xcode.DebuggerFoundation.Debugger.LLDB"
      selectedLauncherIdentifier = "Xcode.DebuggerFoundation.Launcher.LLDB"
      shouldUseLaunchSchemeArgsEnv = "YES"
      shouldAutocreateTestPlan = "YES">
   </TestAction>
   <LaunchAction
      buildConfiguration = "Debug"
      selectedDebuggerIdentifier = "Xcode.DebuggerFoundation.Debugger.LLDB"
      selectedLauncherIdentifier = "Xcode.DebuggerFoundation.Launcher.LLDB"
      customLLDBInitFile = "$(SRCROOT)/LLDBInitFile"
      launchStyle = "0"
      useCustomWorkingDirectory = "YES"
      customWorkingDirectory = "$HOME/Source/PEX-mjk/magic/"
      ignoresPersistentStateOnLaunch = "YES"
      debugDocumentVersioning = "YES"
      debugServiceExtension = "internal"
      allowLocationSimulation = "YES"
      viewDebuggingEnabled = "No"
      consoleMode = "1"
      structuredConsoleMode = "3">
      <BuildableProductRunnable
         runnableDebuggingMode = "0">
         <BuildableReference
            BuildableIdentifier = "primary"
            BlueprintIdentifier = "5B1DEDC32C400CEB009C0933"
            BuildableName = "magicexec"
            BlueprintName = "magicexec"
            ReferencedContainer = "container:magic.xcodeproj">
         </BuildableReference>
      </BuildableProductRunnable>
      <CommandLineArguments>
         <CommandLineArgument
            argument = "--"
            isEnabled = "YES">
         </CommandLineArgument>
         <CommandLineArgument
            argument = "-dnull"
            isEnabled = "YES">
         </CommandLineArgument>
         <CommandLineArgument
            argument = "-noconsole"
            isEnabled = "YES">
         </CommandLineArgument>
         <CommandLineArgument
            argument = "-rcfile"
            isEnabled = "YES">
         </CommandLineArgument>
         <CommandLineArgument
            argument = "$PDKPATH/libs.tech/magic/$PDK.magicrc"
            isEnabled = "YES">
         </CommandLineArgument>
         <CommandLineArgument
            argument = "pex_nmos_diode2.tcl"
            isEnabled = "YES">
         </CommandLineArgument>
      </CommandLineArguments>
      <EnvironmentVariables>
         <EnvironmentVariable
            key = "PDK"
            value = "sky130A"
            isEnabled = "YES">
         </EnvironmentVariable>
         <EnvironmentVariable
            key = "PDKPATH"
            value = "$HOME/.volare/sky130A"
            isEnabled = "YES">
         </EnvironmentVariable>
         <EnvironmentVariable
            key = "PDK_ROOT"
            value = "$HOME/.volare"
            isEnabled = "YES">
         </EnvironmentVariable>
         <EnvironmentVariable
            key = "DISPLAY"
            value = "/private/tmp/com.apple.launchd.BDx3Ygnova/org.xquartz:0"
            isEnabled = "YES">
         </EnvironmentVariable>
      </EnvironmentVariables>
   </LaunchAction>
   <ProfileAction
      buildConfiguration = "Release"
      shouldUseLaunchSchemeArgsEnv = "YES"
      savedToolIdentifier = ""
      useCustomWorkingDirectory = "NO"
      debugDocumentVersioning = "YES">
      <BuildableProductRunnable
         runnableDebuggingMode = "0">
         <BuildableReference
            BuildableIdentifier = "primary"
            BlueprintIdentifier = "5B1DEDC32C400CEB009C0933"
            BuildableName = "magicexec"
            BlueprintName = "magicexec"
            ReferencedContainer = "container:magic.xcodeproj">
         </BuildableReference>
      </BuildableProductRunnable>
   </ProfileAction>
   <AnalyzeAction
      buildConfiguration = "Debug">
   </AnalyzeAction>
   <ArchiveAction
      buildConfiguration = "Release"
      revealArchiveInOrganizer = "YES">
   </ArchiveAction>
</Scheme>
